
Microsoft Visual Studio Solution File, Format Version 12.00
# Visual Studio Version 16
VisualStudioVersion = 16.0.30717.126
MinimumVisualStudioVersion = 10.0.40219.1
Project("{FAE04EC0-301F-11D3-BF4B-00C04F79EFBC}") = "AdventOfCode", "AdventOfCode.csproj", "{7E223960-A9F7-4500-A9C0-E3F76391135A}"
EndProject
Global
	GlobalSection(SolutionConfigurationPlatforms) = preSolution
		Debug|Any CPU = Debug|Any CPU
		Release|Any CPU = Release|Any CPU
	EndGlobalSection
	GlobalSection(ProjectConfigurationPlatforms) = postSolution
		{7E223960-A9F7-4500-A9C0-E3F76391135A}.Debug|Any CPU.ActiveCfg = Debug|Any CPU
		{7E223960-A9F7-4500-A9C0-E3F76391135A}.Debug|Any CPU.Build.0 = Debug|Any CPU
		{7E223960-A9F7-4500-A9C0-E3F76391135A}.Release|Any CPU.ActiveCfg = Release|Any CPU
		{7E223960-A9F7-4500-A9C0-E3F76391135A}.Release|Any CPU.Build.0 = Release|Any CPU
	EndGlobalSection
	GlobalSection(SolutionProperties) = preSolution
		HideSolutionNode = FALSE
	EndGlobalSection
	GlobalSection(ExtensibilityGlobals) = postSolution
		SolutionGuid = {D80700ED-4652-4811-B452-BCD586291C04}
	EndGlobalSection
EndGlobal
